
Microsoft Visual Studio Solution File, Format Version 12.00
Project("{FAE04EC0-301F-11D3-BF4B-00C04F79EFBC}") = "Zoomo", "Zoomo\Zoomo.csproj", "{869679A7-22B7-485F-BE91-E7A15BC604D5}"
EndProject
Project("{FAE04EC0-301F-11D3-BF4B-00C04F79EFBC}") = "ZoomoTests", "ZoomoTests\ZoomoTests.csproj", "{47FB12A0-7FD8-4931-950C-233D9047354D}"
EndProject
Global
	GlobalSection(SolutionConfigurationPlatforms) = preSolution
		Debug|Any CPU = Debug|Any CPU
		Release|Any CPU = Release|Any CPU
	EndGlobalSection
	GlobalSection(ProjectConfigurationPlatforms) = postSolution
		{869679A7-22B7-485F-BE91-E7A15BC604D5}.Debug|Any CPU.ActiveCfg = Debug|Any CPU
		{869679A7-22B7-485F-BE91-E7A15BC604D5}.Debug|Any CPU.Build.0 = Debug|Any CPU
		{869679A7-22B7-485F-BE91-E7A15BC604D5}.Release|Any CPU.ActiveCfg = Release|Any CPU
		{869679A7-22B7-485F-BE91-E7A15BC604D5}.Release|Any CPU.Build.0 = Release|Any CPU
		{47FB12A0-7FD8-4931-950C-233D9047354D}.Debug|Any CPU.ActiveCfg = Debug|Any CPU
		{47FB12A0-7FD8-4931-950C-233D9047354D}.Debug|Any CPU.Build.0 = Debug|Any CPU
		{47FB12A0-7FD8-4931-950C-233D9047354D}.Release|Any CPU.ActiveCfg = Release|Any CPU
		{47FB12A0-7FD8-4931-950C-233D9047354D}.Release|Any CPU.Build.0 = Release|Any CPU
	EndGlobalSection
EndGlobal
